// !$*UTF8*$!
{
	archiveVersion = 1;
	classes = {
	};
	objectVersion = 46;
	objects = {

/* Begin PBXBuildFile section */
		F7866EBF1E00455400D94BF0 /* PartyCell.swift in Sources */ = {isa = PBXBuildFile; fileRef = F7866EBE1E00455400D94BF0 /* PartyCell.swift */; };
		F7866EC11E004B7500D94BF0 /* PartyRock.swift in Sources */ = {isa = PBXBuildFile; fileRef = F7866EC01E004B7500D94BF0 /* PartyRock.swift */; };
		F79D326C1E0014AF008E2B34 /* AppDelegate.swift in Sources */ = {isa = PBXBuildFile; fileRef = F79D326B1E0014AF008E2B34 /* AppDelegate.swift */; };
		F79D326E1E0014AF008E2B34 /* mainVC.swift in Sources */ = {isa = PBXBuildFile; fileRef = F79D326D1E0014AF008E2B34 /* mainVC.swift */; };
		F79D32711E0014AF008E2B34 /* Main.storyboard in Resources */ = {isa = PBXBuildFile; fileRef = F79D326F1E0014AF008E2B34 /* Main.storyboard */; };
		F79D32731E0014AF008E2B34 /* Assets.xcassets in Resources */ = {isa = PBXBuildFile; fileRef = F79D32721E0014AF008E2B34 /* Assets.xcassets */; };
		F79D32761E0014AF008E2B34 /* LaunchScreen.storyboard in Resources */ = {isa = PBXBuildFile; fileRef = F79D32741E0014AF008E2B34 /* LaunchScreen.storyboard */; };
		F7BE86681E001A7B00E81149 /* still time.ttf in Resources */ = {isa = PBXBuildFile; fileRef = F7BE86671E001A7B00E81149 /* still time.ttf */; };
		F7BE866E1E001BF400E81149 /* VideoVC.swift in Sources */ = {isa = PBXBuildFile; fileRef = F7BE866D1E001BF400E81149 /* VideoVC.swift */; };
/* End PBXBuildFile section */

/* Begin PBXFileReference section */
		F7866EBE1E00455400D94BF0 /* PartyCell.swift */ = {isa = PBXFileReference; fileEncoding = 4; lastKnownFileType = sourcecode.swift; path = PartyCell.swift; sourceTree = "<group>"; };
		F7866EC01E004B7500D94BF0 /* PartyRock.swift */ = {isa = PBXFileReference; fileEncoding = 4; lastKnownFileType = sourcecode.swift; path = PartyRock.swift; sourceTree = "<group>"; };
		F79D32681E0014AF008E2B34 /* RockPartyApp.app */ = {isa = PBXFileReference; explicitFileType = wrapper.application; includeInIndex = 0; path = RockPartyApp.app; sourceTree = BUILT_PRODUCTS_DIR; };
		F79D326B1E0014AF008E2B34 /* AppDelegate.swift */ = {isa = PBXFileReference; lastKnownFileType = sourcecode.swift; path = AppDelegate.swift; sourceTree = "<group>"; };
		F79D326D1E0014AF008E2B34 /* mainVC.swift */ = {isa = PBXFileReference; lastKnownFileType = sourcecode.swift; path = mainVC.swift; sourceTree = "<group>"; };
		F79D32701E0014AF008E2B34 /* Base */ = {isa = PBXFileReference; lastKnownFileType = file.storyboard; name = Base; path = Base.lproj/Main.storyboard; sourceTree = "<group>"; };
		F79D32721E0014AF008E2B34 /* Assets.xcassets */ = {isa = PBXFileReference; lastKnownFileType = folder.assetcatalog; path = Assets.xcassets; sourceTree = "<group>"; };
		F79D32751E0014AF008E2B34 /* Base */ = {isa = PBXFileReference; lastKnownFileType = file.storyboard; name = Base; path = Base.lproj/LaunchScreen.storyboard; sourceTree = "<group>"; };
		F79D32771E0014AF008E2B34 /* Info.plist */ = {isa = PBXFileReference; lastKnownFileType = text.plist.xml; path = Info.plist; sourceTree = "<group>"; };
		F7BE86671E001A7B00E81149 /* still time.ttf */ = {isa = PBXFileReference; lastKnownFileType = file; path = "still time.ttf"; sourceTree = "<group>"; };
		F7BE866D1E001BF400E81149 /* VideoVC.swift */ = {isa = PBXFileReference; fileEncoding = 4; lastKnownFileType = sourcecode.swift; path = VideoVC.swift; sourceTree = "<group>"; };
/* End PBXFileReference section */

/* Begin PBXFrameworksBuildPhase section */
		F79D32651E0014AF008E2B34 /* Frameworks */ = {
			isa = PBXFrameworksBuildPhase;
			buildActionMask = 2147483647;
			files = (
			);
			runOnlyForDeploymentPostprocessing = 0;
		};
/* End PBXFrameworksBuildPhase section */

/* Begin PBXGroup section */
		F79D325F1E0014AF008E2B34 = {
			isa = PBXGroup;
			children = (
				F79D326A1E0014AF008E2B34 /* RockPartyApp */,
				F79D32691E0014AF008E2B34 /* Products */,
			);
			sourceTree = "<group>";
		};
		F79D32691E0014AF008E2B34 /* Products */ = {
			isa = PBXGroup;
			children = (
				F79D32681E0014AF008E2B34 /* RockPartyApp.app */,
			);
			name = Products;
			sourceTree = "<group>";
		};
		F79D326A1E0014AF008E2B34 /* RockPartyApp */ = {
			isa = PBXGroup;
			children = (
				F7BE866C1E001BBB00E81149 /* Controller */,
				F7BE866B1E001BB300E81149 /* View */,
				F7BE866A1E001BAA00E81149 /* Model */,
				F7BE86691E001A9300E81149 /* Utilities */,
				F79D326B1E0014AF008E2B34 /* AppDelegate.swift */,
				F79D326F1E0014AF008E2B34 /* Main.storyboard */,
				F79D32721E0014AF008E2B34 /* Assets.xcassets */,
				F79D32741E0014AF008E2B34 /* LaunchScreen.storyboard */,
				F79D32771E0014AF008E2B34 /* Info.plist */,
			);
			path = RockPartyApp;
			sourceTree = "<group>";
		};
		F7BE86691E001A9300E81149 /* Utilities */ = {
			isa = PBXGroup;
			children = (
				F7BE86671E001A7B00E81149 /* still time.ttf */,
			);
			name = Utilities;
			sourceTree = "<group>";
		};
		F7BE866A1E001BAA00E81149 /* Model */ = {
			isa = PBXGroup;
			children = (
				F7866EC01E004B7500D94BF0 /* PartyRock.swift */,
			);
			name = Model;
			sourceTree = "<group>";
		};
		F7BE866B1E001BB300E81149 /* View */ = {
			isa = PBXGroup;
			children = (
				F7866EBE1E00455400D94BF0 /* PartyCell.swift */,
			);
			name = View;
			sourceTree = "<group>";
		};
		F7BE866C1E001BBB00E81149 /* Controller */ = {
			isa = PBXGroup;
			children = (
				F79D326D1E0014AF008E2B34 /* mainVC.swift */,
				F7BE866D1E001BF400E81149 /* VideoVC.swift */,
			);
			name = Controller;
			sourceTree = "<group>";
		};
/* End PBXGroup section */

/* Begin PBXNativeTarget section */
		F79D32671E0014AF008E2B34 /* RockPartyApp */ = {
			isa = PBXNativeTarget;
			buildConfigurationList = F79D327A1E0014AF008E2B34 /* Build configuration list for PBXNativeTarget "RockPartyApp" */;
			buildPhases = (
				F79D32641E0014AF008E2B34 /* Sources */,
				F79D32651E0014AF008E2B34 /* Frameworks */,
				F79D32661E0014AF008E2B34 /* Resources */,
			);
			buildRules = (
			);
			dependencies = (
			);
			name = RockPartyApp;
			productName = RockPartyApp;
			productReference = F79D32681E0014AF008E2B34 /* RockPartyApp.app */;
			productType = "com.apple.product-type.application";
		};
/* End PBXNativeTarget section */

/* Begin PBXProject section */
		F79D32601E0014AF008E2B34 /* Project object */ = {
			isa = PBXProject;
			attributes = {
				LastSwiftUpdateCheck = 0810;
				LastUpgradeCheck = 0810;
				ORGANIZATIONNAME = "Spencer Forrest";
				TargetAttributes = {
					F79D32671E0014AF008E2B34 = {
						CreatedOnToolsVersion = 8.1;
						DevelopmentTeam = HT9N5JEKMU;
						ProvisioningStyle = Automatic;
					};
				};
			};
			buildConfigurationList = F79D32631E0014AF008E2B34 /* Build configuration list for PBXProject "RockPartyApp" */;
			compatibilityVersion = "Xcode 3.2";
			developmentRegion = English;
			hasScannedForEncodings = 0;
			knownRegions = (
				en,
				Base,
			);
			mainGroup = F79D325F1E0014AF008E2B34;
			productRefGroup = F79D32691E0014AF008E2B34 /* Products */;
			projectDirPath = "";
			projectRoot = "";
			targets = (
				F79D32671E0014AF008E2B34 /* RockPartyApp */,
			);
		};
/* End PBXProject section */

/* Begin PBXResourcesBuildPhase section */
		F79D32661E0014AF008E2B34 /* Resources */ = {
			isa = PBXResourcesBuildPhase;
			buildActionMask = 2147483647;
			files = (
				F79D32761E0014AF008E2B34 /* LaunchScreen.storyboard in Resources */,
				F7BE86681E001A7B00E81149 /* still time.ttf in Resources */,
				F79D32731E0014AF008E2B34 /* Assets.xcassets in Resources */,
				F79D32711E0014AF008E2B34 /* Main.storyboard in Resources */,
			);
			runOnlyForDeploymentPostprocessing = 0;
		};
/* End PBXResourcesBuildPhase section */

/* Begin PBXSourcesBuildPhase section */
		F79D32641E0014AF008E2B34 /* Sources */ = {
			isa = PBXSourcesBuildPhase;
			buildActionMask = 2147483647;
			files = (
				F7BE866E1E001BF400E81149 /* VideoVC.swift in Sources */,
				F79D326E1E0014AF008E2B34 /* mainVC.swift in Sources */,
				F7866EC11E004B7500D94BF0 /* PartyRock.swift in Sources */,
				F7866EBF1E00455400D94BF0 /* PartyCell.swift in Sources */,
				F79D326C1E0014AF008E2B34 /* AppDelegate.swift in Sources */,
			);
			runOnlyForDeploymentPostprocessing = 0;
		};
/* End PBXSourcesBuildPhase section */

/* Begin PBXVariantGroup section */
		F79D326F1E0014AF008E2B34 /* Main.storyboard */ = {
			isa = PBXVariantGroup;
			children = (
				F79D32701E0014AF008E2B34 /* Base */,
			);
			name = Main.storyboard;
			sourceTree = "<group>";
		};
		F79D32741E0014AF008E2B34 /* LaunchScreen.storyboard */ = {
			isa = PBXVariantGroup;
			children = (
				F79D32751E0014AF008E2B34 /* Base */,
			);
			name = LaunchScreen.storyboard;
			sourceTree = "<group>";
		};
/* End PBXVariantGroup section */

/* Begin XCBuildConfiguration section */
		F79D32781E0014AF008E2B34 /* Debug */ = {
			isa = XCBuildConfiguration;
			buildSettings = {
				ALWAYS_SEARCH_USER_PATHS = NO;
				CLANG_ANALYZER_NONNULL = YES;
				CLANG_CXX_LANGUAGE_STANDARD = "gnu++0x";
				CLANG_CXX_LIBRARY = "libc++";
				CLANG_ENABLE_MODULES = YES;
				CLANG_ENABLE_OBJC_ARC = YES;
				CLANG_WARN_BOOL_CONVERSION = YES;
				CLANG_WARN_CONSTANT_CONVERSION = YES;
				CLANG_WARN_DIRECT_OBJC_ISA_USAGE = YES_ERROR;
				CLANG_WARN_DOCUMENTATION_COMMENTS = YES;
				CLANG_WARN_EMPTY_BODY = YES;
				CLANG_WARN_ENUM_CONVERSION = YES;
				CLANG_WARN_INFINITE_RECURSION = YES;
				CLANG_WARN_INT_CONVERSION = YES;
				CLANG_WARN_OBJC_ROOT_CLASS = YES_ERROR;
				CLANG_WARN_SUSPICIOUS_MOVES = YES;
				CLANG_WARN_UNREACHABLE_CODE = YES;
				CLANG_WARN__DUPLICATE_METHOD_MATCH = YES;
				"CODE_SIGN_IDENTITY[sdk=iphoneos*]" = "iPhone Developer";
				COPY_PHASE_STRIP = NO;
				DEBUG_INFORMATION_FORMAT = dwarf;
				ENABLE_STRICT_OBJC_MSGSEND = YES;
				ENABLE_TESTABILITY = YES;
				GCC_C_LANGUAGE_STANDARD = gnu99;
				GCC_DYNAMIC_NO_PIC = NO;
				GCC_NO_COMMON_BLOCKS = YES;
				GCC_OPTIMIZATION_LEVEL = 0;
				GCC_PREPROCESSOR_DEFINITIONS = (
					"DEBUG=1",
					"$(inherited)",
				);
				GCC_WARN_64_TO_32_BIT_CONVERSION = YES;
				GCC_WARN_ABOUT_RETURN_TYPE = YES_ERROR;
				GCC_WARN_UNDECLARED_SELECTOR = YES;
				GCC_WARN_UNINITIALIZED_AUTOS = YES_AGGRESSIVE;
				GCC_WARN_UNUSED_FUNCTION = YES;
				GCC_WARN_UNUSED_VARIABLE = YES;
				IPHONEOS_DEPLOYMENT_TARGET = 10.1;
				MTL_ENABLE_DEBUG_INFO = YES;
				ONLY_ACTIVE_ARCH = YES;
				SDKROOT = iphoneos;
				SWIFT_ACTIVE_COMPILATION_CONDITIONS = DEBUG;
				SWIFT_OPTIMIZATION_LEVEL = "-Onone";
				TARGETED_DEVICE_FAMILY = "1,2";
			};
			name = Debug;
		};
		F79D32791E0014AF008E2B34 /* Release */ = {
			isa = XCBuildConfiguration;
			buildSettings = {
				ALWAYS_SEARCH_USER_PATHS = NO;
				CLANG_ANALYZER_NONNULL = YES;
				CLANG_CXX_LANGUAGE_STANDARD = "gnu++0x";
				CLANG_CXX_LIBRARY = "libc++";
				CLANG_ENABLE_MODULES = YES;
				CLANG_ENABLE_OBJC_ARC = YES;
				CLANG_WARN_BOOL_CONVERSION = YES;
				CLANG_WARN_CONSTANT_CONVERSION = YES;
				CLANG_WARN_DIRECT_OBJC_ISA_USAGE = YES_ERROR;
				CLANG_WARN_DOCUMENTATION_COMMENTS = YES;
				CLANG_WARN_EMPTY_BODY = YES;
				CLANG_WARN_ENUM_CONVERSION = YES;
				CLANG_WARN_INFINITE_RECURSION = YES;
				CLANG_WARN_INT_CONVERSION = YES;
				CLANG_WARN_OBJC_ROOT_CLASS = YES_ERROR;
				CLANG_WARN_SUSPICIOUS_MOVES = YES;
				CLANG_WARN_UNREACHABLE_CODE = YES;
				CLANG_WARN__DUPLICATE_METHOD_MATCH = YES;
				"CODE_SIGN_IDENTITY[sdk=iphoneos*]" = "iPhone Developer";
				COPY_PHASE_STRIP = NO;
				DEBUG_INFORMATION_FORMAT = "dwarf-with-dsym";
				ENABLE_NS_ASSERTIONS = NO;
				ENABLE_STRICT_OBJC_MSGSEND = YES;
				GCC_C_LANGUAGE_STANDARD = gnu99;
				GCC_NO_COMMON_BLOCKS = YES;
				GCC_WARN_64_TO_32_BIT_CONVERSION = YES;
				GCC_WARN_ABOUT_RETURN_TYPE = YES_ERROR;
				GCC_WARN_UNDECLARED_SELECTOR = YES;
				GCC_WARN_UNINITIALIZED_AUTOS = YES_AGGRESSIVE;
				GCC_WARN_UNUSED_FUNCTION = YES;
				GCC_WARN_UNUSED_VARIABLE = YES;
				IPHONEOS_DEPLOYMENT_TARGET = 10.1;
				MTL_ENABLE_DEBUG_INFO = NO;
				SDKROOT = iphoneos;
				SWIFT_OPTIMIZATION_LEVEL = "-Owholemodule";
				TARGETED_DEVICE_FAMILY = "1,2";
				VALIDATE_PRODUCT = YES;
			};
			name = Release;
		};
		F79D327B1E0014AF008E2B34 /* Debug */ = {
			isa = XCBuildConfiguration;
			buildSettings = {
				ASSETCATALOG_COMPILER_APPICON_NAME = AppIcon;
				DEVELOPMENT_TEAM = HT9N5JEKMU;
				INFOPLIST_FILE = RockPartyApp/Info.plist;
				LD_RUNPATH_SEARCH_PATHS = "$(inherited) @executable_path/Frameworks";
				PRODUCT_BUNDLE_IDENTIFIER = com.SpencerForrest.RockPartyApp;
				PRODUCT_NAME = "$(TARGET_NAME)";
				SWIFT_VERSION = 3.0;
			};
			name = Debug;
		};
		F79D327C1E0014AF008E2B34 /* Release */ = {
			isa = XCBuildConfiguration;
			buildSettings = {
				ASSETCATALOG_COMPILER_APPICON_NAME = AppIcon;
				DEVELOPMENT_TEAM = HT9N5JEKMU;
				INFOPLIST_FILE = RockPartyApp/Info.plist;
				LD_RUNPATH_SEARCH_PATHS = "$(inherited) @executable_path/Frameworks";
				PRODUCT_BUNDLE_IDENTIFIER = com.SpencerForrest.RockPartyApp;
				PRODUCT_NAME = "$(TARGET_NAME)";
				SWIFT_VERSION = 3.0;
			};
			name = Release;
		};
/* End XCBuildConfiguration section */

/* Begin XCConfigurationList section */
		F79D32631E0014AF008E2B34 /* Build configuration list for PBXProject "RockPartyApp" */ = {
			isa = XCConfigurationList;
			buildConfigurations = (
				F79D32781E0014AF008E2B34 /* Debug */,
				F79D32791E0014AF008E2B34 /* Release */,
			);
			defaultConfigurationIsVisible = 0;
			defaultConfigurationName = Release;
		};
		F79D327A1E0014AF008E2B34 /* Build configuration list for PBXNativeTarget "RockPartyApp" */ = {
			isa = XCConfigurationList;
			buildConfigurations = (
				F79D327B1E0014AF008E2B34 /* Debug */,
				F79D327C1E0014AF008E2B34 /* Release */,
			);
			defaultConfigurationIsVisible = 0;
			defaultConfigurationName = Release;
		};
/* End XCConfigurationList section */
	};
	rootObject = F79D32601E0014AF008E2B34 /* Project object */;
}
